PODS:
  - SnapKit (5.6.0)
  - Swinject (2.8.2)

DEPENDENCIES:
  - SnapKit (~> 5.6.0)
  - Swinject

SPEC REPOS:
  trunk:
    - SnapKit
    - Swinject

SPEC CHECKSUMS:
  SnapKit: e01d52ebb8ddbc333eefe2132acf85c8227d9c25
  Swinject: b4a11b31992e8668308dc594ba1cb9b3164a37ab

PODFILE CHECKSUM: 723d11cce315991d1a0816fdb6c8dc0df623fd75

COCOAPODS: 1.11.3
