// !$*UTF8*$!
{
	archiveVersion = 1;
	classes = {
	};
	objectVersion = 56;
	objects = {

/* Begin PBXBuildFile section */
		A1C1116FB74ED008735931C7 /* Pods_FitTrack_IOSTests.framework in Frameworks */ = {isa = PBXBuildFile; fileRef = 0082833AAAC9AF9B0392904F /* Pods_FitTrack_IOSTests.framework */; };
		C61068514349D2BBBCD655D2 /* Pods_FitTrack_IOS_FitTrack_IOSUITests.framework in Frameworks */ = {isa = PBXBuildFile; fileRef = D9FCEFB5F928694C826B15E3 /* Pods_FitTrack_IOS_FitTrack_IOSUITests.framework */; };
		D4272A9E28D6224100CE5BCD /* AppDelegate.swift in Sources */ = {isa = PBXBuildFile; fileRef = D4272A9D28D6224100CE5BCD /* AppDelegate.swift */; };
		D4272AA028D6224100CE5BCD /* SceneDelegate.swift in Sources */ = {isa = PBXBuildFile; fileRef = D4272A9F28D6224100CE5BCD /* SceneDelegate.swift */; };
		D4272AA228D6224100CE5BCD /* OnBoardingViewContoller.swift in Sources */ = {isa = PBXBuildFile; fileRef = D4272AA128D6224100CE5BCD /* OnBoardingViewContoller.swift */; };
		D4272AA728D6224300CE5BCD /* Assets.xcassets in Resources */ = {isa = PBXBuildFile; fileRef = D4272AA628D6224300CE5BCD /* Assets.xcassets */; };
		D4272AAA28D6224300CE5BCD /* LaunchScreen.storyboard in Resources */ = {isa = PBXBuildFile; fileRef = D4272AA828D6224300CE5BCD /* LaunchScreen.storyboard */; };
		D4272AB528D6224300CE5BCD /* FitTrack_IOSTests.swift in Sources */ = {isa = PBXBuildFile; fileRef = D4272AB428D6224300CE5BCD /* FitTrack_IOSTests.swift */; };
		D4272ABF28D6224300CE5BCD /* FitTrack_IOSUITests.swift in Sources */ = {isa = PBXBuildFile; fileRef = D4272ABE28D6224300CE5BCD /* FitTrack_IOSUITests.swift */; };
		D4272AC128D6224300CE5BCD /* FitTrack_IOSUITestsLaunchTests.swift in Sources */ = {isa = PBXBuildFile; fileRef = D4272AC028D6224300CE5BCD /* FitTrack_IOSUITestsLaunchTests.swift */; };
		D4AB622128DD6D2F00D39EC7 /* BaseViewController.swift in Sources */ = {isa = PBXBuildFile; fileRef = D4AB622028DD6D2F00D39EC7 /* BaseViewController.swift */; };
		D4B943C528D775B0006B0AD0 /* Color.swift in Sources */ = {isa = PBXBuildFile; fileRef = D4B943C428D775B0006B0AD0 /* Color.swift */; };
		D4B943C728D780DB006B0AD0 /* Type.swift in Sources */ = {isa = PBXBuildFile; fileRef = D4B943C628D780DB006B0AD0 /* Type.swift */; };
		D4CD6BA728DE435200ABBB79 /* Poppins-Medium.ttf in Resources */ = {isa = PBXBuildFile; fileRef = D4CD6B9528DE435100ABBB79 /* Poppins-Medium.ttf */; };
		D4CD6BA828DE435200ABBB79 /* Poppins-Regular.ttf in Resources */ = {isa = PBXBuildFile; fileRef = D4CD6B9628DE435100ABBB79 /* Poppins-Regular.ttf */; };
		D4CD6BA928DE435200ABBB79 /* Poppins-MediumItalic.ttf in Resources */ = {isa = PBXBuildFile; fileRef = D4CD6B9728DE435100ABBB79 /* Poppins-MediumItalic.ttf */; };
		D4CD6BAA28DE435200ABBB79 /* Poppins-Thin.ttf in Resources */ = {isa = PBXBuildFile; fileRef = D4CD6B9828DE435100ABBB79 /* Poppins-Thin.ttf */; };
		D4CD6BAB28DE435200ABBB79 /* Poppins-SemiBold.ttf in Resources */ = {isa = PBXBuildFile; fileRef = D4CD6B9928DE435100ABBB79 /* Poppins-SemiBold.ttf */; };
		D4CD6BAC28DE435200ABBB79 /* Poppins-ExtraBold.ttf in Resources */ = {isa = PBXBuildFile; fileRef = D4CD6B9A28DE435100ABBB79 /* Poppins-ExtraBold.ttf */; };
		D4CD6BAD28DE435200ABBB79 /* Poppins-ExtraLightItalic.ttf in Resources */ = {isa = PBXBuildFile; fileRef = D4CD6B9B28DE435100ABBB79 /* Poppins-ExtraLightItalic.ttf */; };
		D4CD6BAE28DE435200ABBB79 /* Poppins-Black.ttf in Resources */ = {isa = PBXBuildFile; fileRef = D4CD6B9C28DE435100ABBB79 /* Poppins-Black.ttf */; };
		D4CD6BAF28DE435200ABBB79 /* Poppins-BlackItalic.ttf in Resources */ = {isa = PBXBuildFile; fileRef = D4CD6B9D28DE435100ABBB79 /* Poppins-BlackItalic.ttf */; };
		D4CD6BB028DE435200ABBB79 /* Poppins-Italic.ttf in Resources */ = {isa = PBXBuildFile; fileRef = D4CD6B9E28DE435100ABBB79 /* Poppins-Italic.ttf */; };
		D4CD6BB128DE435200ABBB79 /* Poppins-BoldItalic.ttf in Resources */ = {isa = PBXBuildFile; fileRef = D4CD6B9F28DE435100ABBB79 /* Poppins-BoldItalic.ttf */; };
		D4CD6BB228DE435200ABBB79 /* Poppins-ExtraBoldItalic.ttf in Resources */ = {isa = PBXBuildFile; fileRef = D4CD6BA028DE435100ABBB79 /* Poppins-ExtraBoldItalic.ttf */; };
		D4CD6BB328DE435200ABBB79 /* Poppins-Light.ttf in Resources */ = {isa = PBXBuildFile; fileRef = D4CD6BA128DE435100ABBB79 /* Poppins-Light.ttf */; };
		D4CD6BB428DE435200ABBB79 /* Poppins-SemiBoldItalic.ttf in Resources */ = {isa = PBXBuildFile; fileRef = D4CD6BA228DE435200ABBB79 /* Poppins-SemiBoldItalic.ttf */; };
		D4CD6BB528DE435200ABBB79 /* Poppins-ThinItalic.ttf in Resources */ = {isa = PBXBuildFile; fileRef = D4CD6BA328DE435200ABBB79 /* Poppins-ThinItalic.ttf */; };
		D4CD6BB628DE435200ABBB79 /* Poppins-ExtraLight.ttf in Resources */ = {isa = PBXBuildFile; fileRef = D4CD6BA428DE435200ABBB79 /* Poppins-ExtraLight.ttf */; };
		D4CD6BB728DE435200ABBB79 /* Poppins-LightItalic.ttf in Resources */ = {isa = PBXBuildFile; fileRef = D4CD6BA528DE435200ABBB79 /* Poppins-LightItalic.ttf */; };
		D4CD6BB828DE435200ABBB79 /* Poppins-Bold.ttf in Resources */ = {isa = PBXBuildFile; fileRef = D4CD6BA628DE435200ABBB79 /* Poppins-Bold.ttf */; };
		E62664C1961DC6E08AE75F5F /* Pods_FitTrack_IOS.framework in Frameworks */ = {isa = PBXBuildFile; fileRef = 9DF90218A69F4488A6C35BB0 /* Pods_FitTrack_IOS.framework */; };
/* End PBXBuildFile section */

/* Begin PBXContainerItemProxy section */
		D4272AB128D6224300CE5BCD /* PBXContainerItemProxy */ = {
			isa = PBXContainerItemProxy;
			containerPortal = D4272A9228D6224100CE5BCD /* Project object */;
			proxyType = 1;
			remoteGlobalIDString = D4272A9928D6224100CE5BCD;
			remoteInfo = FitTrack_IOS;
		};
		D4272ABB28D6224300CE5BCD /* PBXContainerItemProxy */ = {
			isa = PBXContainerItemProxy;
			containerPortal = D4272A9228D6224100CE5BCD /* Project object */;
			proxyType = 1;
			remoteGlobalIDString = D4272A9928D6224100CE5BCD;
			remoteInfo = FitTrack_IOS;
		};
/* End PBXContainerItemProxy section */

/* Begin PBXFileReference section */
		0082833AAAC9AF9B0392904F /* Pods_FitTrack_IOSTests.framework */ = {isa = PBXFileReference; explicitFileType = wrapper.framework; includeInIndex = 0; path = Pods_FitTrack_IOSTests.framework; sourceTree = BUILT_PRODUCTS_DIR; };
		1879665F07344836AABAFA02 /* Pods-FitTrack_IOS-FitTrack_IOSUITests.release.xcconfig */ = {isa = PBXFileReference; includeInIndex = 1; lastKnownFileType = text.xcconfig; name = "Pods-FitTrack_IOS-FitTrack_IOSUITests.release.xcconfig"; path = "Target Support Files/Pods-FitTrack_IOS-FitTrack_IOSUITests/Pods-FitTrack_IOS-FitTrack_IOSUITests.release.xcconfig"; sourceTree = "<group>"; };
		2760BDF0773FFD0EBB6AE3B0 /* Pods-FitTrack_IOS.release.xcconfig */ = {isa = PBXFileReference; includeInIndex = 1; lastKnownFileType = text.xcconfig; name = "Pods-FitTrack_IOS.release.xcconfig"; path = "Target Support Files/Pods-FitTrack_IOS/Pods-FitTrack_IOS.release.xcconfig"; sourceTree = "<group>"; };
		3A5AD7B3A4977CDAF86831A3 /* Pods-FitTrack_IOS.debug.xcconfig */ = {isa = PBXFileReference; includeInIndex = 1; lastKnownFileType = text.xcconfig; name = "Pods-FitTrack_IOS.debug.xcconfig"; path = "Target Support Files/Pods-FitTrack_IOS/Pods-FitTrack_IOS.debug.xcconfig"; sourceTree = "<group>"; };
		44BC4DFE3B49155898EABEF1 /* Pods-FitTrack_IOS-FitTrack_IOSUITests.debug.xcconfig */ = {isa = PBXFileReference; includeInIndex = 1; lastKnownFileType = text.xcconfig; name = "Pods-FitTrack_IOS-FitTrack_IOSUITests.debug.xcconfig"; path = "Target Support Files/Pods-FitTrack_IOS-FitTrack_IOSUITests/Pods-FitTrack_IOS-FitTrack_IOSUITests.debug.xcconfig"; sourceTree = "<group>"; };
		7E480E29DB04A2F85BAE818D /* Pods-FitTrack_IOSTests.debug.xcconfig */ = {isa = PBXFileReference; includeInIndex = 1; lastKnownFileType = text.xcconfig; name = "Pods-FitTrack_IOSTests.debug.xcconfig"; path = "Target Support Files/Pods-FitTrack_IOSTests/Pods-FitTrack_IOSTests.debug.xcconfig"; sourceTree = "<group>"; };
		822B39948F5FA2DCBA3B4F2D /* Pods-FitTrack_IOSTests.release.xcconfig */ = {isa = PBXFileReference; includeInIndex = 1; lastKnownFileType = text.xcconfig; name = "Pods-FitTrack_IOSTests.release.xcconfig"; path = "Target Support Files/Pods-FitTrack_IOSTests/Pods-FitTrack_IOSTests.release.xcconfig"; sourceTree = "<group>"; };
		9DF90218A69F4488A6C35BB0 /* Pods_FitTrack_IOS.framework */ = {isa = PBXFileReference; explicitFileType = wrapper.framework; includeInIndex = 0; path = Pods_FitTrack_IOS.framework; sourceTree = BUILT_PRODUCTS_DIR; };
		D4272A9A28D6224100CE5BCD /* FitTrack_IOS.app */ = {isa = PBXFileReference; explicitFileType = wrapper.application; includeInIndex = 0; path = FitTrack_IOS.app; sourceTree = BUILT_PRODUCTS_DIR; };
		D4272A9D28D6224100CE5BCD /* AppDelegate.swift */ = {isa = PBXFileReference; lastKnownFileType = sourcecode.swift; path = AppDelegate.swift; sourceTree = "<group>"; };
		D4272A9F28D6224100CE5BCD /* SceneDelegate.swift */ = {isa = PBXFileReference; lastKnownFileType = sourcecode.swift; path = SceneDelegate.swift; sourceTree = "<group>"; };
		D4272AA128D6224100CE5BCD /* OnBoardingViewContoller.swift */ = {isa = PBXFileReference; lastKnownFileType = sourcecode.swift; path = OnBoardingViewContoller.swift; sourceTree = "<group>"; };
		D4272AA628D6224300CE5BCD /* Assets.xcassets */ = {isa = PBXFileReference; lastKnownFileType = folder.assetcatalog; path = Assets.xcassets; sourceTree = "<group>"; };
		D4272AA928D6224300CE5BCD /* Base */ = {isa = PBXFileReference; lastKnownFileType = file.storyboard; name = Base; path = Base.lproj/LaunchScreen.storyboard; sourceTree = "<group>"; };
		D4272AAB28D6224300CE5BCD /* Info.plist */ = {isa = PBXFileReference; lastKnownFileType = text.plist.xml; path = Info.plist; sourceTree = "<group>"; };
		D4272AB028D6224300CE5BCD /* FitTrack_IOSTests.xctest */ = {isa = PBXFileReference; explicitFileType = wrapper.cfbundle; includeInIndex = 0; path = FitTrack_IOSTests.xctest; sourceTree = BUILT_PRODUCTS_DIR; };
		D4272AB428D6224300CE5BCD /* FitTrack_IOSTests.swift */ = {isa = PBXFileReference; lastKnownFileType = sourcecode.swift; path = FitTrack_IOSTests.swift; sourceTree = "<group>"; };
		D4272ABA28D6224300CE5BCD /* FitTrack_IOSUITests.xctest */ = {isa = PBXFileReference; explicitFileType = wrapper.cfbundle; includeInIndex = 0; path = FitTrack_IOSUITests.xctest; sourceTree = BUILT_PRODUCTS_DIR; };
		D4272ABE28D6224300CE5BCD /* FitTrack_IOSUITests.swift */ = {isa = PBXFileReference; lastKnownFileType = sourcecode.swift; path = FitTrack_IOSUITests.swift; sourceTree = "<group>"; };
		D4272AC028D6224300CE5BCD /* FitTrack_IOSUITestsLaunchTests.swift */ = {isa = PBXFileReference; lastKnownFileType = sourcecode.swift; path = FitTrack_IOSUITestsLaunchTests.swift; sourceTree = "<group>"; };
		D4AB622028DD6D2F00D39EC7 /* BaseViewController.swift */ = {isa = PBXFileReference; lastKnownFileType = sourcecode.swift; path = BaseViewController.swift; sourceTree = "<group>"; };
		D4B943C428D775B0006B0AD0 /* Color.swift */ = {isa = PBXFileReference; lastKnownFileType = sourcecode.swift; path = Color.swift; sourceTree = "<group>"; };
		D4B943C628D780DB006B0AD0 /* Type.swift */ = {isa = PBXFileReference; lastKnownFileType = sourcecode.swift; path = Type.swift; sourceTree = "<group>"; };
		D4CD6B9528DE435100ABBB79 /* Poppins-Medium.ttf */ = {isa = PBXFileReference; lastKnownFileType = file; path = "Poppins-Medium.ttf"; sourceTree = "<group>"; };
		D4CD6B9628DE435100ABBB79 /* Poppins-Regular.ttf */ = {isa = PBXFileReference; lastKnownFileType = file; path = "Poppins-Regular.ttf"; sourceTree = "<group>"; };
		D4CD6B9728DE435100ABBB79 /* Poppins-MediumItalic.ttf */ = {isa = PBXFileReference; lastKnownFileType = file; path = "Poppins-MediumItalic.ttf"; sourceTree = "<group>"; };
		D4CD6B9828DE435100ABBB79 /* Poppins-Thin.ttf */ = {isa = PBXFileReference; lastKnownFileType = file; path = "Poppins-Thin.ttf"; sourceTree = "<group>"; };
		D4CD6B9928DE435100ABBB79 /* Poppins-SemiBold.ttf */ = {isa = PBXFileReference; lastKnownFileType = file; path = "Poppins-SemiBold.ttf"; sourceTree = "<group>"; };
		D4CD6B9A28DE435100ABBB79 /* Poppins-ExtraBold.ttf */ = {isa = PBXFileReference; lastKnownFileType = file; path = "Poppins-ExtraBold.ttf"; sourceTree = "<group>"; };
		D4CD6B9B28DE435100ABBB79 /* Poppins-ExtraLightItalic.ttf */ = {isa = PBXFileReference; lastKnownFileType = file; path = "Poppins-ExtraLightItalic.ttf"; sourceTree = "<group>"; };
		D4CD6B9C28DE435100ABBB79 /* Poppins-Black.ttf */ = {isa = PBXFileReference; lastKnownFileType = file; path = "Poppins-Black.ttf"; sourceTree = "<group>"; };
		D4CD6B9D28DE435100ABBB79 /* Poppins-BlackItalic.ttf */ = {isa = PBXFileReference; lastKnownFileType = file; path = "Poppins-BlackItalic.ttf"; sourceTree = "<group>"; };
		D4CD6B9E28DE435100ABBB79 /* Poppins-Italic.ttf */ = {isa = PBXFileReference; lastKnownFileType = file; path = "Poppins-Italic.ttf"; sourceTree = "<group>"; };
		D4CD6B9F28DE435100ABBB79 /* Poppins-BoldItalic.ttf */ = {isa = PBXFileReference; lastKnownFileType = file; path = "Poppins-BoldItalic.ttf"; sourceTree = "<group>"; };
		D4CD6BA028DE435100ABBB79 /* Poppins-ExtraBoldItalic.ttf */ = {isa = PBXFileReference; lastKnownFileType = file; path = "Poppins-ExtraBoldItalic.ttf"; sourceTree = "<group>"; };
		D4CD6BA128DE435100ABBB79 /* Poppins-Light.ttf */ = {isa = PBXFileReference; lastKnownFileType = file; path = "Poppins-Light.ttf"; sourceTree = "<group>"; };
		D4CD6BA228DE435200ABBB79 /* Poppins-SemiBoldItalic.ttf */ = {isa = PBXFileReference; lastKnownFileType = file; path = "Poppins-SemiBoldItalic.ttf"; sourceTree = "<group>"; };
		D4CD6BA328DE435200ABBB79 /* Poppins-ThinItalic.ttf */ = {isa = PBXFileReference; lastKnownFileType = file; path = "Poppins-ThinItalic.ttf"; sourceTree = "<group>"; };
		D4CD6BA428DE435200ABBB79 /* Poppins-ExtraLight.ttf */ = {isa = PBXFileReference; lastKnownFileType = file; path = "Poppins-ExtraLight.ttf"; sourceTree = "<group>"; };
		D4CD6BA528DE435200ABBB79 /* Poppins-LightItalic.ttf */ = {isa = PBXFileReference; lastKnownFileType = file; path = "Poppins-LightItalic.ttf"; sourceTree = "<group>"; };
		D4CD6BA628DE435200ABBB79 /* Poppins-Bold.ttf */ = {isa = PBXFileReference; lastKnownFileType = file; path = "Poppins-Bold.ttf"; sourceTree = "<group>"; };
		D9FCEFB5F928694C826B15E3 /* Pods_FitTrack_IOS_FitTrack_IOSUITests.framework */ = {isa = PBXFileReference; explicitFileType = wrapper.framework; includeInIndex = 0; path = Pods_FitTrack_IOS_FitTrack_IOSUITests.framework; sourceTree = BUILT_PRODUCTS_DIR; };
/* End PBXFileReference section */

/* Begin PBXFrameworksBuildPhase section */
		D4272A9728D6224100CE5BCD /* Frameworks */ = {
			isa = PBXFrameworksBuildPhase;
			buildActionMask = 2147483647;
			files = (
				E62664C1961DC6E08AE75F5F /* Pods_FitTrack_IOS.framework in Frameworks */,
			);
			runOnlyForDeploymentPostprocessing = 0;
		};
		D4272AAD28D6224300CE5BCD /* Frameworks */ = {
			isa = PBXFrameworksBuildPhase;
			buildActionMask = 2147483647;
			files = (
				A1C1116FB74ED008735931C7 /* Pods_FitTrack_IOSTests.framework in Frameworks */,
			);
			runOnlyForDeploymentPostprocessing = 0;
		};
		D4272AB728D6224300CE5BCD /* Frameworks */ = {
			isa = PBXFrameworksBuildPhase;
			buildActionMask = 2147483647;
			files = (
				C61068514349D2BBBCD655D2 /* Pods_FitTrack_IOS_FitTrack_IOSUITests.framework in Frameworks */,
			);
			runOnlyForDeploymentPostprocessing = 0;
		};
/* End PBXFrameworksBuildPhase section */

/* Begin PBXGroup section */
		8E786B0791C95BE040548B61 /* Frameworks */ = {
			isa = PBXGroup;
			children = (
				9DF90218A69F4488A6C35BB0 /* Pods_FitTrack_IOS.framework */,
				D9FCEFB5F928694C826B15E3 /* Pods_FitTrack_IOS_FitTrack_IOSUITests.framework */,
				0082833AAAC9AF9B0392904F /* Pods_FitTrack_IOSTests.framework */,
			);
			name = Frameworks;
			sourceTree = "<group>";
		};
		9B782FE4BF800B6E88968A07 /* Pods */ = {
			isa = PBXGroup;
			children = (
				3A5AD7B3A4977CDAF86831A3 /* Pods-FitTrack_IOS.debug.xcconfig */,
				2760BDF0773FFD0EBB6AE3B0 /* Pods-FitTrack_IOS.release.xcconfig */,
				44BC4DFE3B49155898EABEF1 /* Pods-FitTrack_IOS-FitTrack_IOSUITests.debug.xcconfig */,
				1879665F07344836AABAFA02 /* Pods-FitTrack_IOS-FitTrack_IOSUITests.release.xcconfig */,
				7E480E29DB04A2F85BAE818D /* Pods-FitTrack_IOSTests.debug.xcconfig */,
				822B39948F5FA2DCBA3B4F2D /* Pods-FitTrack_IOSTests.release.xcconfig */,
			);
			path = Pods;
			sourceTree = "<group>";
		};
		D4272A9128D6224100CE5BCD = {
			isa = PBXGroup;
			children = (
				D4272A9C28D6224100CE5BCD /* FitTrack_IOS */,
				D4272AB328D6224300CE5BCD /* FitTrack_IOSTests */,
				D4272ABD28D6224300CE5BCD /* FitTrack_IOSUITests */,
				D4272A9B28D6224100CE5BCD /* Products */,
				9B782FE4BF800B6E88968A07 /* Pods */,
				8E786B0791C95BE040548B61 /* Frameworks */,
			);
			sourceTree = "<group>";
		};
		D4272A9B28D6224100CE5BCD /* Products */ = {
			isa = PBXGroup;
			children = (
				D4272A9A28D6224100CE5BCD /* FitTrack_IOS.app */,
				D4272AB028D6224300CE5BCD /* FitTrack_IOSTests.xctest */,
				D4272ABA28D6224300CE5BCD /* FitTrack_IOSUITests.xctest */,
			);
			name = Products;
			sourceTree = "<group>";
		};
		D4272A9C28D6224100CE5BCD /* FitTrack_IOS */ = {
			isa = PBXGroup;
			children = (
				D4AB621C28DD6CF200D39EC7 /* ui */,
				D4272A9D28D6224100CE5BCD /* AppDelegate.swift */,
				D4272A9F28D6224100CE5BCD /* SceneDelegate.swift */,
				D4272AA628D6224300CE5BCD /* Assets.xcassets */,
				D4272AA828D6224300CE5BCD /* LaunchScreen.storyboard */,
				D4272AAB28D6224300CE5BCD /* Info.plist */,
			);
			path = FitTrack_IOS;
			sourceTree = "<group>";
		};
		D4272AB328D6224300CE5BCD /* FitTrack_IOSTests */ = {
			isa = PBXGroup;
			children = (
				D4272AB428D6224300CE5BCD /* FitTrack_IOSTests.swift */,
			);
			path = FitTrack_IOSTests;
			sourceTree = "<group>";
		};
		D4272ABD28D6224300CE5BCD /* FitTrack_IOSUITests */ = {
			isa = PBXGroup;
			children = (
				D4272ABE28D6224300CE5BCD /* FitTrack_IOSUITests.swift */,
				D4272AC028D6224300CE5BCD /* FitTrack_IOSUITestsLaunchTests.swift */,
			);
			path = FitTrack_IOSUITests;
			sourceTree = "<group>";
		};
		D4AB621C28DD6CF200D39EC7 /* ui */ = {
			isa = PBXGroup;
			children = (
				D4AB621D28DD6D0700D39EC7 /* base */,
				D4B943C328D775A5006B0AD0 /* Theme */,
				D4272AA128D6224100CE5BCD /* OnBoardingViewContoller.swift */,
			);
			path = ui;
			sourceTree = "<group>";
		};
		D4AB621D28DD6D0700D39EC7 /* base */ = {
			isa = PBXGroup;
			children = (
				D4AB622028DD6D2F00D39EC7 /* BaseViewController.swift */,
			);
			path = base;
			sourceTree = "<group>";
		};
		D4AB624628DD71D200D39EC7 /* Font */ = {
			isa = PBXGroup;
			children = (
				D4CD6B9C28DE435100ABBB79 /* Poppins-Black.ttf */,
				D4CD6B9D28DE435100ABBB79 /* Poppins-BlackItalic.ttf */,
				D4CD6BA628DE435200ABBB79 /* Poppins-Bold.ttf */,
				D4CD6B9F28DE435100ABBB79 /* Poppins-BoldItalic.ttf */,
				D4CD6B9A28DE435100ABBB79 /* Poppins-ExtraBold.ttf */,
				D4CD6BA028DE435100ABBB79 /* Poppins-ExtraBoldItalic.ttf */,
				D4CD6BA428DE435200ABBB79 /* Poppins-ExtraLight.ttf */,
				D4CD6B9B28DE435100ABBB79 /* Poppins-ExtraLightItalic.ttf */,
				D4CD6B9E28DE435100ABBB79 /* Poppins-Italic.ttf */,
				D4CD6BA128DE435100ABBB79 /* Poppins-Light.ttf */,
				D4CD6BA528DE435200ABBB79 /* Poppins-LightItalic.ttf */,
				D4CD6B9528DE435100ABBB79 /* Poppins-Medium.ttf */,
				D4CD6B9728DE435100ABBB79 /* Poppins-MediumItalic.ttf */,
				D4CD6B9628DE435100ABBB79 /* Poppins-Regular.ttf */,
				D4CD6B9928DE435100ABBB79 /* Poppins-SemiBold.ttf */,
				D4CD6BA228DE435200ABBB79 /* Poppins-SemiBoldItalic.ttf */,
				D4CD6B9828DE435100ABBB79 /* Poppins-Thin.ttf */,
				D4CD6BA328DE435200ABBB79 /* Poppins-ThinItalic.ttf */,
			);
			path = Font;
			sourceTree = "<group>";
		};
		D4B943C328D775A5006B0AD0 /* Theme */ = {
			isa = PBXGroup;
			children = (
				D4AB624628DD71D200D39EC7 /* Font */,
				D4B943C428D775B0006B0AD0 /* Color.swift */,
				D4B943C628D780DB006B0AD0 /* Type.swift */,
			);
			path = Theme;
			sourceTree = "<group>";
		};
/* End PBXGroup section */

/* Begin PBXNativeTarget section */
		D4272A9928D6224100CE5BCD /* FitTrack_IOS */ = {
			isa = PBXNativeTarget;
			buildConfigurationList = D4272AC428D6224300CE5BCD /* Build configuration list for PBXNativeTarget "FitTrack_IOS" */;
			buildPhases = (
				EFC72F09BE3FB97DE30B61BC /* [CP] Check Pods Manifest.lock */,
				D4272A9628D6224100CE5BCD /* Sources */,
				D4272A9728D6224100CE5BCD /* Frameworks */,
				D4272A9828D6224100CE5BCD /* Resources */,
				B126C8A1E761619B87DA05C0 /* [CP] Embed Pods Frameworks */,
			);
			buildRules = (
			);
			dependencies = (
			);
			name = FitTrack_IOS;
			productName = FitTrack_IOS;
			productReference = D4272A9A28D6224100CE5BCD /* FitTrack_IOS.app */;
			productType = "com.apple.product-type.application";
		};
		D4272AAF28D6224300CE5BCD /* FitTrack_IOSTests */ = {
			isa = PBXNativeTarget;
			buildConfigurationList = D4272AC728D6224300CE5BCD /* Build configuration list for PBXNativeTarget "FitTrack_IOSTests" */;
			buildPhases = (
				330E8176390757F619C86A58 /* [CP] Check Pods Manifest.lock */,
				D4272AAC28D6224300CE5BCD /* Sources */,
				D4272AAD28D6224300CE5BCD /* Frameworks */,
				D4272AAE28D6224300CE5BCD /* Resources */,
			);
			buildRules = (
			);
			dependencies = (
				D4272AB228D6224300CE5BCD /* PBXTargetDependency */,
			);
			name = FitTrack_IOSTests;
			productName = FitTrack_IOSTests;
			productReference = D4272AB028D6224300CE5BCD /* FitTrack_IOSTests.xctest */;
			productType = "com.apple.product-type.bundle.unit-test";
		};
		D4272AB928D6224300CE5BCD /* FitTrack_IOSUITests */ = {
			isa = PBXNativeTarget;
			buildConfigurationList = D4272ACA28D6224300CE5BCD /* Build configuration list for PBXNativeTarget "FitTrack_IOSUITests" */;
			buildPhases = (
				0C99EEC2685AC0D24A7E062E /* [CP] Check Pods Manifest.lock */,
				D4272AB628D6224300CE5BCD /* Sources */,
				D4272AB728D6224300CE5BCD /* Frameworks */,
				D4272AB828D6224300CE5BCD /* Resources */,
				CC833E9C111762511E67B21B /* [CP] Embed Pods Frameworks */,
			);
			buildRules = (
			);
			dependencies = (
				D4272ABC28D6224300CE5BCD /* PBXTargetDependency */,
			);
			name = FitTrack_IOSUITests;
			productName = FitTrack_IOSUITests;
			productReference = D4272ABA28D6224300CE5BCD /* FitTrack_IOSUITests.xctest */;
			productType = "com.apple.product-type.bundle.ui-testing";
		};
/* End PBXNativeTarget section */

/* Begin PBXProject section */
		D4272A9228D6224100CE5BCD /* Project object */ = {
			isa = PBXProject;
			attributes = {
				BuildIndependentTargetsInParallel = 1;
				LastSwiftUpdateCheck = 1400;
				LastUpgradeCheck = 1400;
				TargetAttributes = {
					D4272A9928D6224100CE5BCD = {
						CreatedOnToolsVersion = 14.0;
					};
					D4272AAF28D6224300CE5BCD = {
						CreatedOnToolsVersion = 14.0;
						TestTargetID = D4272A9928D6224100CE5BCD;
					};
					D4272AB928D6224300CE5BCD = {
						CreatedOnToolsVersion = 14.0;
						TestTargetID = D4272A9928D6224100CE5BCD;
					};
				};
			};
			buildConfigurationList = D4272A9528D6224100CE5BCD /* Build configuration list for PBXProject "FitTrack_IOS" */;
			compatibilityVersion = "Xcode 14.0";
			developmentRegion = en;
			hasScannedForEncodings = 0;
			knownRegions = (
				en,
				Base,
			);
			mainGroup = D4272A9128D6224100CE5BCD;
			productRefGroup = D4272A9B28D6224100CE5BCD /* Products */;
			projectDirPath = "";
			projectRoot = "";
			targets = (
				D4272A9928D6224100CE5BCD /* FitTrack_IOS */,
				D4272AAF28D6224300CE5BCD /* FitTrack_IOSTests */,
				D4272AB928D6224300CE5BCD /* FitTrack_IOSUITests */,
			);
		};
/* End PBXProject section */

/* Begin PBXResourcesBuildPhase section */
		D4272A9828D6224100CE5BCD /* Resources */ = {
			isa = PBXResourcesBuildPhase;
			buildActionMask = 2147483647;
			files = (
				D4CD6BA728DE435200ABBB79 /* Poppins-Medium.ttf in Resources */,
				D4CD6BB428DE435200ABBB79 /* Poppins-SemiBoldItalic.ttf in Resources */,
				D4CD6BB328DE435200ABBB79 /* Poppins-Light.ttf in Resources */,
				D4CD6BAB28DE435200ABBB79 /* Poppins-SemiBold.ttf in Resources */,
				D4CD6BB128DE435200ABBB79 /* Poppins-BoldItalic.ttf in Resources */,
				D4CD6BB728DE435200ABBB79 /* Poppins-LightItalic.ttf in Resources */,
				D4CD6BB528DE435200ABBB79 /* Poppins-ThinItalic.ttf in Resources */,
				D4CD6BB828DE435200ABBB79 /* Poppins-Bold.ttf in Resources */,
				D4272AAA28D6224300CE5BCD /* LaunchScreen.storyboard in Resources */,
				D4CD6BAD28DE435200ABBB79 /* Poppins-ExtraLightItalic.ttf in Resources */,
				D4CD6BAE28DE435200ABBB79 /* Poppins-Black.ttf in Resources */,
				D4272AA728D6224300CE5BCD /* Assets.xcassets in Resources */,
				D4CD6BB028DE435200ABBB79 /* Poppins-Italic.ttf in Resources */,
				D4CD6BAC28DE435200ABBB79 /* Poppins-ExtraBold.ttf in Resources */,
				D4CD6BB628DE435200ABBB79 /* Poppins-ExtraLight.ttf in Resources */,
				D4CD6BAA28DE435200ABBB79 /* Poppins-Thin.ttf in Resources */,
				D4CD6BB228DE435200ABBB79 /* Poppins-ExtraBoldItalic.ttf in Resources */,
				D4CD6BA828DE435200ABBB79 /* Poppins-Regular.ttf in Resources */,
				D4CD6BA928DE435200ABBB79 /* Poppins-MediumItalic.ttf in Resources */,
				D4CD6BAF28DE435200ABBB79 /* Poppins-BlackItalic.ttf in Resources */,
			);
			runOnlyForDeploymentPostprocessing = 0;
		};
		D4272AAE28D6224300CE5BCD /* Resources */ = {
			isa = PBXResourcesBuildPhase;
			buildActionMask = 2147483647;
			files = (
			);
			runOnlyForDeploymentPostprocessing = 0;
		};
		D4272AB828D6224300CE5BCD /* Resources */ = {
			isa = PBXResourcesBuildPhase;
			buildActionMask = 2147483647;
			files = (
			);
			runOnlyForDeploymentPostprocessing = 0;
		};
/* End PBXResourcesBuildPhase section */

/* Begin PBXShellScriptBuildPhase section */
		0C99EEC2685AC0D24A7E062E /* [CP] Check Pods Manifest.lock */ = {
			isa = PBXShellScriptBuildPhase;
			buildActionMask = 2147483647;
			files = (
			);
			inputFileListPaths = (
			);
			inputPaths = (
				"${PODS_PODFILE_DIR_PATH}/Podfile.lock",
				"${PODS_ROOT}/Manifest.lock",
			);
			name = "[CP] Check Pods Manifest.lock";
			outputFileListPaths = (
			);
			outputPaths = (
				"$(DERIVED_FILE_DIR)/Pods-FitTrack_IOS-FitTrack_IOSUITests-checkManifestLockResult.txt",
			);
			runOnlyForDeploymentPostprocessing = 0;
			shellPath = /bin/sh;
			shellScript = "diff \"${PODS_PODFILE_DIR_PATH}/Podfile.lock\" \"${PODS_ROOT}/Manifest.lock\" > /dev/null\nif [ $? != 0 ] ; then\n    # print error to STDERR\n    echo \"error: The sandbox is not in sync with the Podfile.lock. Run 'pod install' or update your CocoaPods installation.\" >&2\n    exit 1\nfi\n# This output is used by Xcode 'outputs' to avoid re-running this script phase.\necho \"SUCCESS\" > \"${SCRIPT_OUTPUT_FILE_0}\"\n";
			showEnvVarsInLog = 0;
		};
		330E8176390757F619C86A58 /* [CP] Check Pods Manifest.lock */ = {
			isa = PBXShellScriptBuildPhase;
			buildActionMask = 2147483647;
			files = (
			);
			inputFileListPaths = (
			);
			inputPaths = (
				"${PODS_PODFILE_DIR_PATH}/Podfile.lock",
				"${PODS_ROOT}/Manifest.lock",
			);
			name = "[CP] Check Pods Manifest.lock";
			outputFileListPaths = (
			);
			outputPaths = (
				"$(DERIVED_FILE_DIR)/Pods-FitTrack_IOSTests-checkManifestLockResult.txt",
			);
			runOnlyForDeploymentPostprocessing = 0;
			shellPath = /bin/sh;
			shellScript = "diff \"${PODS_PODFILE_DIR_PATH}/Podfile.lock\" \"${PODS_ROOT}/Manifest.lock\" > /dev/null\nif [ $? != 0 ] ; then\n    # print error to STDERR\n    echo \"error: The sandbox is not in sync with the Podfile.lock. Run 'pod install' or update your CocoaPods installation.\" >&2\n    exit 1\nfi\n# This output is used by Xcode 'outputs' to avoid re-running this script phase.\necho \"SUCCESS\" > \"${SCRIPT_OUTPUT_FILE_0}\"\n";
			showEnvVarsInLog = 0;
		};
		B126C8A1E761619B87DA05C0 /* [CP] Embed Pods Frameworks */ = {
			isa = PBXShellScriptBuildPhase;
			buildActionMask = 2147483647;
			files = (
			);
			inputFileListPaths = (
				"${PODS_ROOT}/Target Support Files/Pods-FitTrack_IOS/Pods-FitTrack_IOS-frameworks-${CONFIGURATION}-input-files.xcfilelist",
			);
			name = "[CP] Embed Pods Frameworks";
			outputFileListPaths = (
				"${PODS_ROOT}/Target Support Files/Pods-FitTrack_IOS/Pods-FitTrack_IOS-frameworks-${CONFIGURATION}-output-files.xcfilelist",
			);
			runOnlyForDeploymentPostprocessing = 0;
			shellPath = /bin/sh;
			shellScript = "\"${PODS_ROOT}/Target Support Files/Pods-FitTrack_IOS/Pods-FitTrack_IOS-frameworks.sh\"\n";
			showEnvVarsInLog = 0;
		};
		CC833E9C111762511E67B21B /* [CP] Embed Pods Frameworks */ = {
			isa = PBXShellScriptBuildPhase;
			buildActionMask = 2147483647;
			files = (
			);
			inputFileListPaths = (
				"${PODS_ROOT}/Target Support Files/Pods-FitTrack_IOS-FitTrack_IOSUITests/Pods-FitTrack_IOS-FitTrack_IOSUITests-frameworks-${CONFIGURATION}-input-files.xcfilelist",
			);
			name = "[CP] Embed Pods Frameworks";
			outputFileListPaths = (
				"${PODS_ROOT}/Target Support Files/Pods-FitTrack_IOS-FitTrack_IOSUITests/Pods-FitTrack_IOS-FitTrack_IOSUITests-frameworks-${CONFIGURATION}-output-files.xcfilelist",
			);
			runOnlyForDeploymentPostprocessing = 0;
			shellPath = /bin/sh;
			shellScript = "\"${PODS_ROOT}/Target Support Files/Pods-FitTrack_IOS-FitTrack_IOSUITests/Pods-FitTrack_IOS-FitTrack_IOSUITests-frameworks.sh\"\n";
			showEnvVarsInLog = 0;
		};
		EFC72F09BE3FB97DE30B61BC /* [CP] Check Pods Manifest.lock */ = {
			isa = PBXShellScriptBuildPhase;
			buildActionMask = 2147483647;
			files = (
			);
			inputFileListPaths = (
			);
			inputPaths = (
				"${PODS_PODFILE_DIR_PATH}/Podfile.lock",
				"${PODS_ROOT}/Manifest.lock",
			);
			name = "[CP] Check Pods Manifest.lock";
			outputFileListPaths = (
			);
			outputPaths = (
				"$(DERIVED_FILE_DIR)/Pods-FitTrack_IOS-checkManifestLockResult.txt",
			);
			runOnlyForDeploymentPostprocessing = 0;
			shellPath = /bin/sh;
			shellScript = "diff \"${PODS_PODFILE_DIR_PATH}/Podfile.lock\" \"${PODS_ROOT}/Manifest.lock\" > /dev/null\nif [ $? != 0 ] ; then\n    # print error to STDERR\n    echo \"error: The sandbox is not in sync with the Podfile.lock. Run 'pod install' or update your CocoaPods installation.\" >&2\n    exit 1\nfi\n# This output is used by Xcode 'outputs' to avoid re-running this script phase.\necho \"SUCCESS\" > \"${SCRIPT_OUTPUT_FILE_0}\"\n";
			showEnvVarsInLog = 0;
		};
/* End PBXShellScriptBuildPhase section */

/* Begin PBXSourcesBuildPhase section */
		D4272A9628D6224100CE5BCD /* Sources */ = {
			isa = PBXSourcesBuildPhase;
			buildActionMask = 2147483647;
			files = (
				D4B943C728D780DB006B0AD0 /* Type.swift in Sources */,
				D4272AA228D6224100CE5BCD /* OnBoardingViewContoller.swift in Sources */,
				D4B943C528D775B0006B0AD0 /* Color.swift in Sources */,
				D4272A9E28D6224100CE5BCD /* AppDelegate.swift in Sources */,
				D4272AA028D6224100CE5BCD /* SceneDelegate.swift in Sources */,
				D4AB622128DD6D2F00D39EC7 /* BaseViewController.swift in Sources */,
			);
			runOnlyForDeploymentPostprocessing = 0;
		};
		D4272AAC28D6224300CE5BCD /* Sources */ = {
			isa = PBXSourcesBuildPhase;
			buildActionMask = 2147483647;
			files = (
				D4272AB528D6224300CE5BCD /* FitTrack_IOSTests.swift in Sources */,
			);
			runOnlyForDeploymentPostprocessing = 0;
		};
		D4272AB628D6224300CE5BCD /* Sources */ = {
			isa = PBXSourcesBuildPhase;
			buildActionMask = 2147483647;
			files = (
				D4272AC128D6224300CE5BCD /* FitTrack_IOSUITestsLaunchTests.swift in Sources */,
				D4272ABF28D6224300CE5BCD /* FitTrack_IOSUITests.swift in Sources */,
			);
			runOnlyForDeploymentPostprocessing = 0;
		};
/* End PBXSourcesBuildPhase section */

/* Begin PBXTargetDependency section */
		D4272AB228D6224300CE5BCD /* PBXTargetDependency */ = {
			isa = PBXTargetDependency;
			target = D4272A9928D6224100CE5BCD /* FitTrack_IOS */;
			targetProxy = D4272AB128D6224300CE5BCD /* PBXContainerItemProxy */;
		};
		D4272ABC28D6224300CE5BCD /* PBXTargetDependency */ = {
			isa = PBXTargetDependency;
			target = D4272A9928D6224100CE5BCD /* FitTrack_IOS */;
			targetProxy = D4272ABB28D6224300CE5BCD /* PBXContainerItemProxy */;
		};
/* End PBXTargetDependency section */

/* Begin PBXVariantGroup section */
		D4272AA828D6224300CE5BCD /* LaunchScreen.storyboard */ = {
			isa = PBXVariantGroup;
			children = (
				D4272AA928D6224300CE5BCD /* Base */,
			);
			name = LaunchScreen.storyboard;
			sourceTree = "<group>";
		};
/* End PBXVariantGroup section */

/* Begin XCBuildConfiguration section */
		D4272AC228D6224300CE5BCD /* Debug */ = {
			isa = XCBuildConfiguration;
			buildSettings = {
				ALWAYS_SEARCH_USER_PATHS = NO;
				CLANG_ANALYZER_NONNULL = YES;
				CLANG_ANALYZER_NUMBER_OBJECT_CONVERSION = YES_AGGRESSIVE;
				CLANG_CXX_LANGUAGE_STANDARD = "gnu++20";
				CLANG_ENABLE_MODULES = YES;
				CLANG_ENABLE_OBJC_ARC = YES;
				CLANG_ENABLE_OBJC_WEAK = YES;
				CLANG_WARN_BLOCK_CAPTURE_AUTORELEASING = YES;
				CLANG_WARN_BOOL_CONVERSION = YES;
				CLANG_WARN_COMMA = YES;
				CLANG_WARN_CONSTANT_CONVERSION = YES;
				CLANG_WARN_DEPRECATED_OBJC_IMPLEMENTATIONS = YES;
				CLANG_WARN_DIRECT_OBJC_ISA_USAGE = YES_ERROR;
				CLANG_WARN_DOCUMENTATION_COMMENTS = YES;
				CLANG_WARN_EMPTY_BODY = YES;
				CLANG_WARN_ENUM_CONVERSION = YES;
				CLANG_WARN_INFINITE_RECURSION = YES;
				CLANG_WARN_INT_CONVERSION = YES;
				CLANG_WARN_NON_LITERAL_NULL_CONVERSION = YES;
				CLANG_WARN_OBJC_IMPLICIT_RETAIN_SELF = YES;
				CLANG_WARN_OBJC_LITERAL_CONVERSION = YES;
				CLANG_WARN_OBJC_ROOT_CLASS = YES_ERROR;
				CLANG_WARN_QUOTED_INCLUDE_IN_FRAMEWORK_HEADER = YES;
				CLANG_WARN_RANGE_LOOP_ANALYSIS = YES;
				CLANG_WARN_STRICT_PROTOTYPES = YES;
				CLANG_WARN_SUSPICIOUS_MOVE = YES;
				CLANG_WARN_UNGUARDED_AVAILABILITY = YES_AGGRESSIVE;
				CLANG_WARN_UNREACHABLE_CODE = YES;
				CLANG_WARN__DUPLICATE_METHOD_MATCH = YES;
				COPY_PHASE_STRIP = NO;
				DEBUG_INFORMATION_FORMAT = dwarf;
				ENABLE_STRICT_OBJC_MSGSEND = YES;
				ENABLE_TESTABILITY = YES;
				GCC_C_LANGUAGE_STANDARD = gnu11;
				GCC_DYNAMIC_NO_PIC = NO;
				GCC_NO_COMMON_BLOCKS = YES;
				GCC_OPTIMIZATION_LEVEL = 0;
				GCC_PREPROCESSOR_DEFINITIONS = (
					"DEBUG=1",
					"$(inherited)",
				);
				GCC_WARN_64_TO_32_BIT_CONVERSION = YES;
				GCC_WARN_ABOUT_RETURN_TYPE = YES_ERROR;
				GCC_WARN_UNDECLARED_SELECTOR = YES;
				GCC_WARN_UNINITIALIZED_AUTOS = YES_AGGRESSIVE;
				GCC_WARN_UNUSED_FUNCTION = YES;
				GCC_WARN_UNUSED_VARIABLE = YES;
				IPHONEOS_DEPLOYMENT_TARGET = 16.0;
				MTL_ENABLE_DEBUG_INFO = INCLUDE_SOURCE;
				MTL_FAST_MATH = YES;
				ONLY_ACTIVE_ARCH = YES;
				SDKROOT = iphoneos;
				SWIFT_ACTIVE_COMPILATION_CONDITIONS = DEBUG;
				SWIFT_OPTIMIZATION_LEVEL = "-Onone";
			};
			name = Debug;
		};
		D4272AC328D6224300CE5BCD /* Release */ = {
			isa = XCBuildConfiguration;
			buildSettings = {
				ALWAYS_SEARCH_USER_PATHS = NO;
				CLANG_ANALYZER_NONNULL = YES;
				CLANG_ANALYZER_NUMBER_OBJECT_CONVERSION = YES_AGGRESSIVE;
				CLANG_CXX_LANGUAGE_STANDARD = "gnu++20";
				CLANG_ENABLE_MODULES = YES;
				CLANG_ENABLE_OBJC_ARC = YES;
				CLANG_ENABLE_OBJC_WEAK = YES;
				CLANG_WARN_BLOCK_CAPTURE_AUTORELEASING = YES;
				CLANG_WARN_BOOL_CONVERSION = YES;
				CLANG_WARN_COMMA = YES;
				CLANG_WARN_CONSTANT_CONVERSION = YES;
				CLANG_WARN_DEPRECATED_OBJC_IMPLEMENTATIONS = YES;
				CLANG_WARN_DIRECT_OBJC_ISA_USAGE = YES_ERROR;
				CLANG_WARN_DOCUMENTATION_COMMENTS = YES;
				CLANG_WARN_EMPTY_BODY = YES;
				CLANG_WARN_ENUM_CONVERSION = YES;
				CLANG_WARN_INFINITE_RECURSION = YES;
				CLANG_WARN_INT_CONVERSION = YES;
				CLANG_WARN_NON_LITERAL_NULL_CONVERSION = YES;
				CLANG_WARN_OBJC_IMPLICIT_RETAIN_SELF = YES;
				CLANG_WARN_OBJC_LITERAL_CONVERSION = YES;
				CLANG_WARN_OBJC_ROOT_CLASS = YES_ERROR;
				CLANG_WARN_QUOTED_INCLUDE_IN_FRAMEWORK_HEADER = YES;
				CLANG_WARN_RANGE_LOOP_ANALYSIS = YES;
				CLANG_WARN_STRICT_PROTOTYPES = YES;
				CLANG_WARN_SUSPICIOUS_MOVE = YES;
				CLANG_WARN_UNGUARDED_AVAILABILITY = YES_AGGRESSIVE;
				CLANG_WARN_UNREACHABLE_CODE = YES;
				CLANG_WARN__DUPLICATE_METHOD_MATCH = YES;
				COPY_PHASE_STRIP = NO;
				DEBUG_INFORMATION_FORMAT = "dwarf-with-dsym";
				ENABLE_NS_ASSERTIONS = NO;
				ENABLE_STRICT_OBJC_MSGSEND = YES;
				GCC_C_LANGUAGE_STANDARD = gnu11;
				GCC_NO_COMMON_BLOCKS = YES;
				GCC_WARN_64_TO_32_BIT_CONVERSION = YES;
				GCC_WARN_ABOUT_RETURN_TYPE = YES_ERROR;
				GCC_WARN_UNDECLARED_SELECTOR = YES;
				GCC_WARN_UNINITIALIZED_AUTOS = YES_AGGRESSIVE;
				GCC_WARN_UNUSED_FUNCTION = YES;
				GCC_WARN_UNUSED_VARIABLE = YES;
				IPHONEOS_DEPLOYMENT_TARGET = 16.0;
				MTL_ENABLE_DEBUG_INFO = NO;
				MTL_FAST_MATH = YES;
				SDKROOT = iphoneos;
				SWIFT_COMPILATION_MODE = wholemodule;
				SWIFT_OPTIMIZATION_LEVEL = "-O";
				VALIDATE_PRODUCT = YES;
			};
			name = Release;
		};
		D4272AC528D6224300CE5BCD /* Debug */ = {
			isa = XCBuildConfiguration;
			baseConfigurationReference = 3A5AD7B3A4977CDAF86831A3 /* Pods-FitTrack_IOS.debug.xcconfig */;
			buildSettings = {
				ASSETCATALOG_COMPILER_APPICON_NAME = AppIcon;
				ASSETCATALOG_COMPILER_GLOBAL_ACCENT_COLOR_NAME = AccentColor;
				CODE_SIGN_STYLE = Automatic;
				CURRENT_PROJECT_VERSION = 1;
				DEVELOPMENT_TEAM = PGB4ZFDG33;
				GENERATE_INFOPLIST_FILE = YES;
				INFOPLIST_FILE = FitTrack_IOS/Info.plist;
				INFOPLIST_KEY_UIApplicationSupportsIndirectInputEvents = YES;
				INFOPLIST_KEY_UILaunchStoryboardName = LaunchScreen;
				INFOPLIST_KEY_UIRequiresFullScreen = NO;
				INFOPLIST_KEY_UISupportedInterfaceOrientations_iPad = "UIInterfaceOrientationPortrait UIInterfaceOrientationPortraitUpsideDown UIInterfaceOrientationLandscapeLeft UIInterfaceOrientationLandscapeRight";
				INFOPLIST_KEY_UISupportedInterfaceOrientations_iPhone = "UIInterfaceOrientationPortrait UIInterfaceOrientationLandscapeLeft UIInterfaceOrientationLandscapeRight";
				LD_RUNPATH_SEARCH_PATHS = (
					"$(inherited)",
					"@executable_path/Frameworks",
				);
				MARKETING_VERSION = 1.0;
				PRODUCT_BUNDLE_IDENTIFIER = "com.oguzhanaslann.FitTrack-IOS";
				PRODUCT_NAME = "$(TARGET_NAME)";
				SWIFT_EMIT_LOC_STRINGS = YES;
				SWIFT_VERSION = 5.0;
				TARGETED_DEVICE_FAMILY = "1,2";
			};
			name = Debug;
		};
		D4272AC628D6224300CE5BCD /* Release */ = {
			isa = XCBuildConfiguration;
			baseConfigurationReference = 2760BDF0773FFD0EBB6AE3B0 /* Pods-FitTrack_IOS.release.xcconfig */;
			buildSettings = {
				ASSETCATALOG_COMPILER_APPICON_NAME = AppIcon;
				ASSETCATALOG_COMPILER_GLOBAL_ACCENT_COLOR_NAME = AccentColor;
				CODE_SIGN_STYLE = Automatic;
				CURRENT_PROJECT_VERSION = 1;
				DEVELOPMENT_TEAM = PGB4ZFDG33;
				GENERATE_INFOPLIST_FILE = YES;
				INFOPLIST_FILE = FitTrack_IOS/Info.plist;
				INFOPLIST_KEY_UIApplicationSupportsIndirectInputEvents = YES;
				INFOPLIST_KEY_UILaunchStoryboardName = LaunchScreen;
				INFOPLIST_KEY_UIRequiresFullScreen = NO;
				INFOPLIST_KEY_UISupportedInterfaceOrientations_iPad = "UIInterfaceOrientationPortrait UIInterfaceOrientationPortraitUpsideDown UIInterfaceOrientationLandscapeLeft UIInterfaceOrientationLandscapeRight";
				INFOPLIST_KEY_UISupportedInterfaceOrientations_iPhone = "UIInterfaceOrientationPortrait UIInterfaceOrientationLandscapeLeft UIInterfaceOrientationLandscapeRight";
				LD_RUNPATH_SEARCH_PATHS = (
					"$(inherited)",
					"@executable_path/Frameworks",
				);
				MARKETING_VERSION = 1.0;
				PRODUCT_BUNDLE_IDENTIFIER = "com.oguzhanaslann.FitTrack-IOS";
				PRODUCT_NAME = "$(TARGET_NAME)";
				SWIFT_EMIT_LOC_STRINGS = YES;
				SWIFT_VERSION = 5.0;
				TARGETED_DEVICE_FAMILY = "1,2";
			};
			name = Release;
		};
		D4272AC828D6224300CE5BCD /* Debug */ = {
			isa = XCBuildConfiguration;
			baseConfigurationReference = 7E480E29DB04A2F85BAE818D /* Pods-FitTrack_IOSTests.debug.xcconfig */;
			buildSettings = {
				ALWAYS_EMBED_SWIFT_STANDARD_LIBRARIES = YES;
				BUNDLE_LOADER = "$(TEST_HOST)";
				CODE_SIGN_STYLE = Automatic;
				CURRENT_PROJECT_VERSION = 1;
				DEVELOPMENT_TEAM = PGB4ZFDG33;
				GENERATE_INFOPLIST_FILE = YES;
				IPHONEOS_DEPLOYMENT_TARGET = 16.0;
				MARKETING_VERSION = 1.0;
				PRODUCT_BUNDLE_IDENTIFIER = "com.oguzhanaslann.FitTrack-IOSTests";
				PRODUCT_NAME = "$(TARGET_NAME)";
				SWIFT_EMIT_LOC_STRINGS = NO;
				SWIFT_VERSION = 5.0;
				TARGETED_DEVICE_FAMILY = "1,2";
				TEST_HOST = "$(BUILT_PRODUCTS_DIR)/FitTrack_IOS.app/$(BUNDLE_EXECUTABLE_FOLDER_PATH)/FitTrack_IOS";
			};
			name = Debug;
		};
		D4272AC928D6224300CE5BCD /* Release */ = {
			isa = XCBuildConfiguration;
			baseConfigurationReference = 822B39948F5FA2DCBA3B4F2D /* Pods-FitTrack_IOSTests.release.xcconfig */;
			buildSettings = {
				ALWAYS_EMBED_SWIFT_STANDARD_LIBRARIES = YES;
				BUNDLE_LOADER = "$(TEST_HOST)";
				CODE_SIGN_STYLE = Automatic;
				CURRENT_PROJECT_VERSION = 1;
				DEVELOPMENT_TEAM = PGB4ZFDG33;
				GENERATE_INFOPLIST_FILE = YES;
				IPHONEOS_DEPLOYMENT_TARGET = 16.0;
				MARKETING_VERSION = 1.0;
				PRODUCT_BUNDLE_IDENTIFIER = "com.oguzhanaslann.FitTrack-IOSTests";
				PRODUCT_NAME = "$(TARGET_NAME)";
				SWIFT_EMIT_LOC_STRINGS = NO;
				SWIFT_VERSION = 5.0;
				TARGETED_DEVICE_FAMILY = "1,2";
				TEST_HOST = "$(BUILT_PRODUCTS_DIR)/FitTrack_IOS.app/$(BUNDLE_EXECUTABLE_FOLDER_PATH)/FitTrack_IOS";
			};
			name = Release;
		};
		D4272ACB28D6224300CE5BCD /* Debug */ = {
			isa = XCBuildConfiguration;
			baseConfigurationReference = 44BC4DFE3B49155898EABEF1 /* Pods-FitTrack_IOS-FitTrack_IOSUITests.debug.xcconfig */;
			buildSettings = {
				ALWAYS_EMBED_SWIFT_STANDARD_LIBRARIES = YES;
				CODE_SIGN_STYLE = Automatic;
				CURRENT_PROJECT_VERSION = 1;
				DEVELOPMENT_TEAM = PGB4ZFDG33;
				GENERATE_INFOPLIST_FILE = YES;
				MARKETING_VERSION = 1.0;
				PRODUCT_BUNDLE_IDENTIFIER = "com.oguzhanaslann.FitTrack-IOSUITests";
				PRODUCT_NAME = "$(TARGET_NAME)";
				SWIFT_EMIT_LOC_STRINGS = NO;
				SWIFT_VERSION = 5.0;
				TARGETED_DEVICE_FAMILY = "1,2";
				TEST_TARGET_NAME = FitTrack_IOS;
			};
			name = Debug;
		};
		D4272ACC28D6224300CE5BCD /* Release */ = {
			isa = XCBuildConfiguration;
			baseConfigurationReference = 1879665F07344836AABAFA02 /* Pods-FitTrack_IOS-FitTrack_IOSUITests.release.xcconfig */;
			buildSettings = {
				ALWAYS_EMBED_SWIFT_STANDARD_LIBRARIES = YES;
				CODE_SIGN_STYLE = Automatic;
				CURRENT_PROJECT_VERSION = 1;
				DEVELOPMENT_TEAM = PGB4ZFDG33;
				GENERATE_INFOPLIST_FILE = YES;
				MARKETING_VERSION = 1.0;
				PRODUCT_BUNDLE_IDENTIFIER = "com.oguzhanaslann.FitTrack-IOSUITests";
				PRODUCT_NAME = "$(TARGET_NAME)";
				SWIFT_EMIT_LOC_STRINGS = NO;
				SWIFT_VERSION = 5.0;
				TARGETED_DEVICE_FAMILY = "1,2";
				TEST_TARGET_NAME = FitTrack_IOS;
			};
			name = Release;
		};
/* End XCBuildConfiguration section */

/* Begin XCConfigurationList section */
		D4272A9528D6224100CE5BCD /* Build configuration list for PBXProject "FitTrack_IOS" */ = {
			isa = XCConfigurationList;
			buildConfigurations = (
				D4272AC228D6224300CE5BCD /* Debug */,
				D4272AC328D6224300CE5BCD /* Release */,
			);
			defaultConfigurationIsVisible = 0;
			defaultConfigurationName = Release;
		};
		D4272AC428D6224300CE5BCD /* Build configuration list for PBXNativeTarget "FitTrack_IOS" */ = {
			isa = XCConfigurationList;
			buildConfigurations = (
				D4272AC528D6224300CE5BCD /* Debug */,
				D4272AC628D6224300CE5BCD /* Release */,
			);
			defaultConfigurationIsVisible = 0;
			defaultConfigurationName = Release;
		};
		D4272AC728D6224300CE5BCD /* Build configuration list for PBXNativeTarget "FitTrack_IOSTests" */ = {
			isa = XCConfigurationList;
			buildConfigurations = (
				D4272AC828D6224300CE5BCD /* Debug */,
				D4272AC928D6224300CE5BCD /* Release */,
			);
			defaultConfigurationIsVisible = 0;
			defaultConfigurationName = Release;
		};
		D4272ACA28D6224300CE5BCD /* Build configuration list for PBXNativeTarget "FitTrack_IOSUITests" */ = {
			isa = XCConfigurationList;
			buildConfigurations = (
				D4272ACB28D6224300CE5BCD /* Debug */,
				D4272ACC28D6224300CE5BCD /* Release */,
			);
			defaultConfigurationIsVisible = 0;
			defaultConfigurationName = Release;
		};
/* End XCConfigurationList section */
	};
	rootObject = D4272A9228D6224100CE5BCD /* Project object */;
}
